{
  "version": 4,
  "terraform_version": "1.2.2",
  "serial": 19,
  "lineage": "bbcd970f-c0b1-e77c-6830-10786a8a989d",
  "outputs": {},
  "resources": [
    {
      "mode": "managed",
      "type": "aws_glue_trigger",
      "name": "crawler_trigger_job_posting_dynam",
      "provider": "provider[\"registry.terraform.io/hashicorp/aws\"]",
      "instances": []
    },
    {
      "mode": "managed",
      "type": "aws_glue_trigger",
      "name": "crawler_trigger_transition_outflow",
      "provider": "provider[\"registry.terraform.io/hashicorp/aws\"]",
      "instances": []
    },
    {
      "mode": "managed",
      "type": "aws_glue_trigger",
      "name": "crawler_trigger_wf_dynam_skill_breakdown",
      "provider": "provider[\"registry.terraform.io/hashicorp/aws\"]",
      "instances": []
    },
    {
      "mode": "managed",
      "type": "aws_glue_trigger",
      "name": "revelio_main_trigger",
      "provider": "provider[\"registry.terraform.io/hashicorp/aws\"]",
      "instances": []
    },
    {
      "mode": "managed",
      "type": "aws_glue_workflow",
      "name": "revelio_data_elt",
      "provider": "provider[\"registry.terraform.io/hashicorp/aws\"]",
      "instances": [
        {
          "schema_version": 0,
          "attributes": {
            "arn": "arn:aws:glue:us-east-1:231009317852:workflow/revelio_data_elt",
            "default_run_properties": {},
            "description": "",
            "id": "revelio_data_elt",
            "max_concurrent_runs": 0,
            "name": "revelio_data_elt",
            "tags": {},
            "tags_all": {}
          },
          "sensitive_attributes": [],
          "private": "bnVsbA=="
        }
      ]
    },
    {
      "mode": "managed",
      "type": "aws_s3_bucket_object",
      "name": "file_upload",
      "provider": "provider[\"registry.terraform.io/hashicorp/aws\"]",
      "instances": [
        {
          "index_key": "revelio_job_posting_dynam.py",
          "schema_version": 0,
          "attributes": {
            "acl": "private",
            "bucket": "datateam-revelio-raw",
            "bucket_key_enabled": false,
            "cache_control": "",
            "content": null,
            "content_base64": null,
            "content_disposition": "",
            "content_encoding": "",
            "content_language": "",
            "content_type": "binary/octet-stream",
            "etag": "30323d4de4f1e748a434e6cc1dd1f869",
            "force_destroy": false,
            "id": "Scripts/revelio_job_posting_dynam.py",
            "key": "Scripts/revelio_job_posting_dynam.py",
            "kms_key_id": null,
            "metadata": {},
            "object_lock_legal_hold_status": "",
            "object_lock_mode": "",
            "object_lock_retain_until_date": "",
            "server_side_encryption": "AES256",
            "source": "glue_jobs_script/revelio_job_posting_dynam.py",
            "source_hash": null,
            "storage_class": "STANDARD",
            "tags": {},
            "tags_all": {},
            "version_id": "ECO0jIR7qMiwPyR805TbgYVM_Vr2VLCu",
            "website_redirect": ""
          },
          "sensitive_attributes": [],
          "private": "bnVsbA=="
        },
        {
          "index_key": "revelio_transition_outflow.py",
          "schema_version": 0,
          "attributes": {
            "acl": "private",
            "bucket": "datateam-revelio-raw",
            "bucket_key_enabled": false,
            "cache_control": "",
            "content": null,
            "content_base64": null,
            "content_disposition": "",
            "content_encoding": "",
            "content_language": "",
            "content_type": "binary/octet-stream",
            "etag": "dbfcd7d9be445bdc45ecc17ddc6e0b71",
            "force_destroy": false,
            "id": "Scripts/revelio_transition_outflow.py",
            "key": "Scripts/revelio_transition_outflow.py",
            "kms_key_id": null,
            "metadata": {},
            "object_lock_legal_hold_status": "",
            "object_lock_mode": "",
            "object_lock_retain_until_date": "",
            "server_side_encryption": "AES256",
            "source": "glue_jobs_script/revelio_transition_outflow.py",
            "source_hash": null,
            "storage_class": "STANDARD",
            "tags": {},
            "tags_all": {},
            "version_id": "azpldNxYF2w09Jtd6GAk9KvjiV_Bq8CP",
            "website_redirect": ""
          },
          "sensitive_attributes": [],
          "private": "bnVsbA=="
        },
        {
          "index_key": "revelio_wf_dynam_skill_breakdown.py",
          "schema_version": 0,
          "attributes": {
            "acl": "private",
            "bucket": "datateam-revelio-raw",
            "bucket_key_enabled": false,
            "cache_control": "",
            "content": null,
            "content_base64": null,
            "content_disposition": "",
            "content_encoding": "",
            "content_language": "",
            "content_type": "binary/octet-stream",
            "etag": "e7588a54f75ab8fdaed20b10939500f1",
            "force_destroy": false,
            "id": "Scripts/revelio_wf_dynam_skill_breakdown.py",
            "key": "Scripts/revelio_wf_dynam_skill_breakdown.py",
            "kms_key_id": null,
            "metadata": {},
            "object_lock_legal_hold_status": "",
            "object_lock_mode": "",
            "object_lock_retain_until_date": "",
            "server_side_encryption": "AES256",
            "source": "glue_jobs_script/revelio_wf_dynam_skill_breakdown.py",
            "source_hash": null,
            "storage_class": "STANDARD",
            "tags": {},
            "tags_all": {},
            "version_id": ".uYVIMuTtzyHK.aKkjTPFueTT9wmfsc4",
            "website_redirect": ""
          },
          "sensitive_attributes": [],
          "private": "bnVsbA=="
        }
      ]
    }
  ]
}
